
Microsoft Visual Studio Solution File, Format Version 12.00
# Visual Studio Version 17
VisualStudioVersion = 17.5.002.0
MinimumVisualStudioVersion = 10.0.40219.1
Project("{9A19103F-16F7-4668-BE54-9A1E7A4F7556}") = "uniscale-demo-func", "uniscale-demo-func.csproj", "{0ADB09C2-60A4-4F8E-9674-0BF1FB1E2DB9}"
EndProject
Global
	GlobalSection(SolutionConfigurationPlatforms) = preSolution
		Debug|Any CPU = Debug|Any CPU
		Release|Any CPU = Release|Any CPU
	EndGlobalSection
	GlobalSection(ProjectConfigurationPlatforms) = postSolution
		{0ADB09C2-60A4-4F8E-9674-0BF1FB1E2DB9}.Debug|Any CPU.ActiveCfg = Debug|Any CPU
		{0ADB09C2-60A4-4F8E-9674-0BF1FB1E2DB9}.Debug|Any CPU.Build.0 = Debug|Any CPU
		{0ADB09C2-60A4-4F8E-9674-0BF1FB1E2DB9}.Release|Any CPU.ActiveCfg = Release|Any CPU
		{0ADB09C2-60A4-4F8E-9674-0BF1FB1E2DB9}.Release|Any CPU.Build.0 = Release|Any CPU
	EndGlobalSection
	GlobalSection(SolutionProperties) = preSolution
		HideSolutionNode = FALSE
	EndGlobalSection
	GlobalSection(ExtensibilityGlobals) = postSolution
		SolutionGuid = {DD388F12-8112-472B-9CE7-F35EDC817389}
	EndGlobalSection
EndGlobal
